# This file is autogenerated, do not edit; changes may be undone by the next 'dep ensure'.


[[projects]]
  branch = "master"
  name = "github.com/Broadroad/gpool"
  packages = ["."]
  revision = "4f3606a641d257d58b64ee5bfb50729dc3e4e3ae"

[[projects]]
  name = "github.com/google/uuid"
  packages = ["."]
  revision = "064e2069ce9c359c118179501254f67d7d37ba24"
  version = "0.2"

[solve-meta]
  analyzer-name = "dep"
  analyzer-version = 1
  inputs-digest = "99f206dffcff483aa76900b948f54969ac0852e43e9adeb1ddac6a4676978330"
  solver-name = "gps-cdcl"
  solver-version = 1
